{
  "version": 4,
  "terraform_version": "0.14.10",
  "serial": 179,
  "lineage": "ba46219b-bbec-e64d-b564-c771dc02956d",
  "outputs": {
    "base_url": {
      "value": "https://ijyx5vvudh.execute-api.eu-west-1.amazonaws.com/v1/codebuild",
      "type": "string"
    }
  },
  "resources": [
    {
      "mode": "managed",
      "type": "aws_api_gateway_deployment",
      "name": "default",
      "provider": "provider[\"registry.terraform.io/hashicorp/aws\"]",
      "instances": [
        {
          "schema_version": 0,
          "attributes": {
            "created_date": "2022-12-23T07:48:20Z",
            "description": "",
            "execution_arn": "arn:aws:execute-api:eu-west-1:34636443:ijyx5vvudh/v1",
            "id": "ow3ls7",
            "invoke_url": "https://ijyx5vvudh.execute-api.eu-west-1.amazonaws.com/v1",
            "rest_api_id": "ijyx5vvudh",
            "stage_description": null,
            "stage_name": "v1",
            "triggers": null,
            "variables": null
          },
          "sensitive_attributes": [],
          "private": "bnVsbA==",
          "dependencies": [
            "aws_api_gateway_integration.lambda_non_root",
            "aws_api_gateway_integration.lambda_root",
            "aws_api_gateway_integration_response.IntegrationResponse",
            "aws_api_gateway_method.post",
            "aws_api_gateway_method.post_root",
            "aws_api_gateway_method_response.response_200",
            "aws_api_gateway_resource.default",
            "aws_api_gateway_rest_api.default"
          ]
        }
      ]
    },
    {
      "mode": "managed",
      "type": "aws_api_gateway_integration",
      "name": "lambda_non_root",
      "provider": "provider[\"registry.terraform.io/hashicorp/aws\"]",
      "instances": [
        {
          "schema_version": 0,
          "attributes": {
            "cache_key_parameters": null,
            "cache_namespace": "fqg081",
            "connection_id": "",
            "connection_type": "INTERNET",
            "content_handling": "",
            "credentials": "",
            "http_method": "POST",
            "id": "agi-ijyx5vvudh-fqg081-POST",
            "integration_http_method": "POST",
            "passthrough_behavior": "WHEN_NO_MATCH",
            "request_parameters": null,
            "request_templates": null,
            "resource_id": "fqg081",
            "rest_api_id": "ijyx5vvudh",
            "timeout_milliseconds": 29000,
            "tls_config": [],
            "type": "AWS",
            "uri": "arn:aws:apigateway:eu-west-1:lambda:path/2015-03-31/functions/arn:aws:lambda:eu-west-1:34636443:function:process-webhook/invocations"
          },
          "sensitive_attributes": [],
          "private": "bnVsbA==",
          "dependencies": [
            "aws_api_gateway_method.post",
            "aws_api_gateway_resource.default",
            "aws_api_gateway_rest_api.default"
          ]
        }
      ]
    },
    {
      "mode": "managed",
      "type": "aws_api_gateway_integration",
      "name": "lambda_root",
      "provider": "provider[\"registry.terraform.io/hashicorp/aws\"]",
      "instances": [
        {
          "schema_version": 0,
          "attributes": {
            "cache_key_parameters": null,
            "cache_namespace": "608haw73fb",
            "connection_id": "",
            "connection_type": "INTERNET",
            "content_handling": "",
            "credentials": "",
            "http_method": "POST",
            "id": "agi-ijyx5vvudh-608haw73fb-POST",
            "integration_http_method": "POST",
            "passthrough_behavior": "WHEN_NO_MATCH",
            "request_parameters": null,
            "request_templates": null,
            "resource_id": "608haw73fb",
            "rest_api_id": "ijyx5vvudh",
            "timeout_milliseconds": 29000,
            "tls_config": [],
            "type": "AWS",
            "uri": "arn:aws:apigateway:eu-west-1:lambda:path/2015-03-31/functions/arn:aws:lambda:eu-west-1:34636443:function:process-webhook/invocations"
          },
          "sensitive_attributes": [],
          "private": "bnVsbA==",
          "dependencies": [
            "aws_api_gateway_method.post_root",
            "aws_api_gateway_rest_api.default"
          ]
        }
      ]
    },
    {
      "mode": "managed",
      "type": "aws_api_gateway_integration_response",
      "name": "IntegrationResponse",
      "provider": "provider[\"registry.terraform.io/hashicorp/aws\"]",
      "instances": [
        {
          "schema_version": 0,
          "attributes": {
            "content_handling": "",
            "http_method": "POST",
            "id": "agir-ijyx5vvudh-fqg081-POST-200",
            "resource_id": "fqg081",
            "response_parameters": null,
            "response_templates": {
              "application/json": ""
            },
            "rest_api_id": "ijyx5vvudh",
            "selection_pattern": "",
            "status_code": "200"
          },
          "sensitive_attributes": [],
          "private": "bnVsbA==",
          "dependencies": [
            "aws_api_gateway_integration.lambda_non_root",
            "aws_api_gateway_integration.lambda_root",
            "aws_api_gateway_method.post",
            "aws_api_gateway_method.post_root",
            "aws_api_gateway_method_response.response_200",
            "aws_api_gateway_resource.default",
            "aws_api_gateway_rest_api.default"
          ]
        }
      ]
    },
    {
      "mode": "managed",
      "type": "aws_api_gateway_method",
      "name": "post",
      "provider": "provider[\"registry.terraform.io/hashicorp/aws\"]",
      "instances": [
        {
          "schema_version": 0,
          "attributes": {
            "api_key_required": false,
            "authorization": "NONE",
            "authorization_scopes": null,
            "authorizer_id": null,
            "http_method": "POST",
            "id": "agm-ijyx5vvudh-fqg081-POST",
            "operation_name": null,
            "request_models": null,
            "request_parameters": null,
            "request_validator_id": null,
            "resource_id": "fqg081",
            "rest_api_id": "ijyx5vvudh"
          },
          "sensitive_attributes": [],
          "private": "bnVsbA==",
          "dependencies": [
            "aws_api_gateway_resource.default",
            "aws_api_gateway_rest_api.default"
          ]
        }
      ]
    },
    {
      "mode": "managed",
      "type": "aws_api_gateway_method",
      "name": "post_root",
      "provider": "provider[\"registry.terraform.io/hashicorp/aws\"]",
      "instances": [
        {
          "schema_version": 0,
          "attributes": {
            "api_key_required": false,
            "authorization": "NONE",
            "authorization_scopes": null,
            "authorizer_id": null,
            "http_method": "POST",
            "id": "agm-ijyx5vvudh-608haw73fb-POST",
            "operation_name": null,
            "request_models": null,
            "request_parameters": null,
            "request_validator_id": null,
            "resource_id": "608haw73fb",
            "rest_api_id": "ijyx5vvudh"
          },
          "sensitive_attributes": [],
          "private": "bnVsbA==",
          "dependencies": [
            "aws_api_gateway_rest_api.default"
          ]
        }
      ]
    },
    {
      "mode": "managed",
      "type": "aws_api_gateway_method_response",
      "name": "response_200",
      "provider": "provider[\"registry.terraform.io/hashicorp/aws\"]",
      "instances": [
        {
          "schema_version": 0,
          "attributes": {
            "http_method": "POST",
            "id": "agmr-ijyx5vvudh-fqg081-POST-200",
            "resource_id": "fqg081",
            "response_models": {
              "application/json": "Empty"
            },
            "response_parameters": null,
            "rest_api_id": "ijyx5vvudh",
            "status_code": "200"
          },
          "sensitive_attributes": [],
          "private": "bnVsbA==",
          "dependencies": [
            "aws_api_gateway_method.post",
            "aws_api_gateway_resource.default",
            "aws_api_gateway_rest_api.default"
          ]
        }
      ]
    },
    {
      "mode": "managed",
      "type": "aws_api_gateway_resource",
      "name": "default",
      "provider": "provider[\"registry.terraform.io/hashicorp/aws\"]",
      "instances": [
        {
          "schema_version": 0,
          "attributes": {
            "id": "fqg081",
            "parent_id": "608haw73fb",
            "path": "/{codebuild+}",
            "path_part": "{codebuild+}",
            "rest_api_id": "ijyx5vvudh"
          },
          "sensitive_attributes": [],
          "private": "bnVsbA==",
          "dependencies": [
            "aws_api_gateway_rest_api.default"
          ]
        }
      ]
    },
    {
      "mode": "managed",
      "type": "aws_api_gateway_rest_api",
      "name": "default",
      "provider": "provider[\"registry.terraform.io/hashicorp/aws\"]",
      "instances": [
        {
          "schema_version": 0,
          "attributes": {
            "api_key_source": "HEADER",
            "arn": "arn:aws:apigateway:eu-west-1::/restapis/ijyx5vvudh",
            "binary_media_types": [],
            "body": null,
            "created_date": "2022-12-23T07:48:16Z",
            "description": "ElasticDev/Terraform API gateway",
            "disable_execute_api_endpoint": false,
            "endpoint_configuration": [
              {
                "types": [
                  "EDGE"
                ],
                "vpc_endpoint_ids": []
              }
            ],
            "execution_arn": "arn:aws:execute-api:eu-west-1:34636443:ijyx5vvudh",
            "id": "ijyx5vvudh",
            "minimum_compression_size": -1,
            "name": "api-test",
            "parameters": null,
            "policy": "",
            "put_rest_api_mode": null,
            "root_resource_id": "608haw73fb",
            "tags": null,
            "tags_all": {}
          },
          "sensitive_attributes": [],
          "private": "bnVsbA=="
        }
      ]
    }
  ]
}
